// !$*UTF8*$!
{
	archiveVersion = 1;
	classes = {
	};
	objectVersion = 46;
	objects = {

/* Begin PBXGroup section */
		C7F9DD9519E8B0DF006ED6E1 = {
			isa = PBXGroup;
			children = (
			);
			sourceTree = "<group>";
		};
/* End PBXGroup section */

/* Begin PBXProject section */
		C7F9DD9619E8B0DF006ED6E1 /* Project object */ = {
			isa = PBXProject;
			attributes = {
				LastUpgradeCheck = 0600;
			};
			buildConfigurationList = C7F9DD9919E8B0DF006ED6E1 /* Build configuration list for PBXProject "sfHackVT" */;
			compatibilityVersion = "Xcode 3.2";
			developmentRegion = English;
			hasScannedForEncodings = 0;
			knownRegions = (
				en,
			);
			mainGroup = C7F9DD9519E8B0DF006ED6E1;
			projectDirPath = "";
			projectRoot = "";
			targets = (
			);
		};
/* End PBXProject section */

/* Begin XCBuildConfiguration section */
		C7F9DD9A19E8B0DF006ED6E1 /* Debug */ = {
			isa = XCBuildConfiguration;
			buildSettings = {
			};
			name = Debug;
		};
		C7F9DD9B19E8B0DF006ED6E1 /* Release */ = {
			isa = XCBuildConfiguration;
			buildSettings = {
			};
			name = Release;
		};
/* End XCBuildConfiguration section */

/* Begin XCConfigurationList section */
		C7F9DD9919E8B0DF006ED6E1 /* Build configuration list for PBXProject "sfHackVT" */ = {
			isa = XCConfigurationList;
			buildConfigurations = (
				C7F9DD9A19E8B0DF006ED6E1 /* Debug */,
				C7F9DD9B19E8B0DF006ED6E1 /* Release */,
			);
			defaultConfigurationIsVisible = 0;
			defaultConfigurationName = Release;
		};
/* End XCConfigurationList section */
	};
	rootObject = C7F9DD9619E8B0DF006ED6E1 /* Project object */;
}
